// !$*UTF8*$!
{
	archiveVersion = 1;
	classes = {
	};
	objectVersion = 46;
	objects = {

/* Begin PBXBuildFile section */
		988E2CE41F3BE38600E5D959 /* AppDelegate.swift in Sources */ = {isa = PBXBuildFile; fileRef = 988E2CE31F3BE38600E5D959 /* AppDelegate.swift */; };
		988E2CE61F3BE38600E5D959 /* ViewController.swift in Sources */ = {isa = PBXBuildFile; fileRef = 988E2CE51F3BE38600E5D959 /* ViewController.swift */; };
		988E2CE81F3BE38600E5D959 /* Assets.xcassets in Resources */ = {isa = PBXBuildFile; fileRef = 988E2CE71F3BE38600E5D959 /* Assets.xcassets */; };
		988E2CEB1F3BE38600E5D959 /* Main.storyboard in Resources */ = {isa = PBXBuildFile; fileRef = 988E2CE91F3BE38600E5D959 /* Main.storyboard */; };
		988E2CF61F3BE38600E5D959 /* BTCTickerTests.swift in Sources */ = {isa = PBXBuildFile; fileRef = 988E2CF51F3BE38600E5D959 /* BTCTickerTests.swift */; };
		988E2D071F3BE3B700E5D959 /* NotificationCenter.framework in Frameworks */ = {isa = PBXBuildFile; fileRef = 988E2D061F3BE3B700E5D959 /* NotificationCenter.framework */; };
		988E2D0C1F3BE3B700E5D959 /* TodayViewController.swift in Sources */ = {isa = PBXBuildFile; fileRef = 988E2D0B1F3BE3B700E5D959 /* TodayViewController.swift */; };
		988E2D0E1F3BE3B700E5D959 /* ListRowViewController.swift in Sources */ = {isa = PBXBuildFile; fileRef = 988E2D0D1F3BE3B700E5D959 /* ListRowViewController.swift */; };
		988E2D111F3BE3B700E5D959 /* TodayViewController.xib in Resources */ = {isa = PBXBuildFile; fileRef = 988E2D0F1F3BE3B700E5D959 /* TodayViewController.xib */; };
		988E2D141F3BE3B700E5D959 /* ListRowViewController.xib in Resources */ = {isa = PBXBuildFile; fileRef = 988E2D121F3BE3B700E5D959 /* ListRowViewController.xib */; };
		988E2D181F3BE3B700E5D959 /* InfoPlist.strings in Resources */ = {isa = PBXBuildFile; fileRef = 988E2D161F3BE3B700E5D959 /* InfoPlist.strings */; };
		988E2D1B1F3BE3B700E5D959 /* BTCToday.appex in Embed App Extensions */ = {isa = PBXBuildFile; fileRef = 988E2D041F3BE3B700E5D959 /* BTCToday.appex */; settings = {ATTRIBUTES = (RemoveHeadersOnCopy, ); }; };
/* End PBXBuildFile section */

/* Begin PBXContainerItemProxy section */
		988E2CF21F3BE38600E5D959 /* PBXContainerItemProxy */ = {
			isa = PBXContainerItemProxy;
			containerPortal = 988E2CD81F3BE38600E5D959 /* Project object */;
			proxyType = 1;
			remoteGlobalIDString = 988E2CDF1F3BE38600E5D959;
			remoteInfo = BTCTicker;
		};
		988E2D191F3BE3B700E5D959 /* PBXContainerItemProxy */ = {
			isa = PBXContainerItemProxy;
			containerPortal = 988E2CD81F3BE38600E5D959 /* Project object */;
			proxyType = 1;
			remoteGlobalIDString = 988E2D031F3BE3B700E5D959;
			remoteInfo = BTCToday;
		};
/* End PBXContainerItemProxy section */

/* Begin PBXCopyFilesBuildPhase section */
		988E2D1F1F3BE3B700E5D959 /* Embed App Extensions */ = {
			isa = PBXCopyFilesBuildPhase;
			buildActionMask = 2147483647;
			dstPath = "";
			dstSubfolderSpec = 13;
			files = (
				988E2D1B1F3BE3B700E5D959 /* BTCToday.appex in Embed App Extensions */,
			);
			name = "Embed App Extensions";
			runOnlyForDeploymentPostprocessing = 0;
		};
/* End PBXCopyFilesBuildPhase section */

/* Begin PBXFileReference section */
		988E2CE01F3BE38600E5D959 /* BTCTicker.app */ = {isa = PBXFileReference; explicitFileType = wrapper.application; includeInIndex = 0; path = BTCTicker.app; sourceTree = BUILT_PRODUCTS_DIR; };
		988E2CE31F3BE38600E5D959 /* AppDelegate.swift */ = {isa = PBXFileReference; lastKnownFileType = sourcecode.swift; path = AppDelegate.swift; sourceTree = "<group>"; };
		988E2CE51F3BE38600E5D959 /* ViewController.swift */ = {isa = PBXFileReference; lastKnownFileType = sourcecode.swift; path = ViewController.swift; sourceTree = "<group>"; };
		988E2CE71F3BE38600E5D959 /* Assets.xcassets */ = {isa = PBXFileReference; lastKnownFileType = folder.assetcatalog; path = Assets.xcassets; sourceTree = "<group>"; };
		988E2CEA1F3BE38600E5D959 /* Base */ = {isa = PBXFileReference; lastKnownFileType = file.storyboard; name = Base; path = Base.lproj/Main.storyboard; sourceTree = "<group>"; };
		988E2CEC1F3BE38600E5D959 /* Info.plist */ = {isa = PBXFileReference; lastKnownFileType = text.plist.xml; path = Info.plist; sourceTree = "<group>"; };
		988E2CF11F3BE38600E5D959 /* BTCTickerTests.xctest */ = {isa = PBXFileReference; explicitFileType = wrapper.cfbundle; includeInIndex = 0; path = BTCTickerTests.xctest; sourceTree = BUILT_PRODUCTS_DIR; };
		988E2CF51F3BE38600E5D959 /* BTCTickerTests.swift */ = {isa = PBXFileReference; lastKnownFileType = sourcecode.swift; path = BTCTickerTests.swift; sourceTree = "<group>"; };
		988E2CF71F3BE38600E5D959 /* Info.plist */ = {isa = PBXFileReference; lastKnownFileType = text.plist.xml; path = Info.plist; sourceTree = "<group>"; };
		988E2D041F3BE3B700E5D959 /* BTCToday.appex */ = {isa = PBXFileReference; explicitFileType = "wrapper.app-extension"; includeInIndex = 0; path = BTCToday.appex; sourceTree = BUILT_PRODUCTS_DIR; };
		988E2D061F3BE3B700E5D959 /* NotificationCenter.framework */ = {isa = PBXFileReference; lastKnownFileType = wrapper.framework; name = NotificationCenter.framework; path = System/Library/Frameworks/NotificationCenter.framework; sourceTree = SDKROOT; };
		988E2D0A1F3BE3B700E5D959 /* BTCToday.entitlements */ = {isa = PBXFileReference; lastKnownFileType = text.plist.entitlements; path = BTCToday.entitlements; sourceTree = "<group>"; };
		988E2D0B1F3BE3B700E5D959 /* TodayViewController.swift */ = {isa = PBXFileReference; lastKnownFileType = sourcecode.swift; path = TodayViewController.swift; sourceTree = "<group>"; };
		988E2D0D1F3BE3B700E5D959 /* ListRowViewController.swift */ = {isa = PBXFileReference; lastKnownFileType = sourcecode.swift; path = ListRowViewController.swift; sourceTree = "<group>"; };
		988E2D101F3BE3B700E5D959 /* Base */ = {isa = PBXFileReference; lastKnownFileType = file.xib; name = Base; path = Base.lproj/TodayViewController.xib; sourceTree = "<group>"; };
		988E2D131F3BE3B700E5D959 /* Base */ = {isa = PBXFileReference; lastKnownFileType = file.xib; name = Base; path = Base.lproj/ListRowViewController.xib; sourceTree = "<group>"; };
		988E2D151F3BE3B700E5D959 /* Info.plist */ = {isa = PBXFileReference; lastKnownFileType = text.plist.xml; path = Info.plist; sourceTree = "<group>"; };
		988E2D171F3BE3B700E5D959 /* en */ = {isa = PBXFileReference; lastKnownFileType = text.plist.strings; name = en; path = en.lproj/InfoPlist.strings; sourceTree = "<group>"; };
/* End PBXFileReference section */

/* Begin PBXFrameworksBuildPhase section */
		988E2CDD1F3BE38600E5D959 /* Frameworks */ = {
			isa = PBXFrameworksBuildPhase;
			buildActionMask = 2147483647;
			files = (
			);
			runOnlyForDeploymentPostprocessing = 0;
		};
		988E2CEE1F3BE38600E5D959 /* Frameworks */ = {
			isa = PBXFrameworksBuildPhase;
			buildActionMask = 2147483647;
			files = (
			);
			runOnlyForDeploymentPostprocessing = 0;
		};
		988E2D011F3BE3B700E5D959 /* Frameworks */ = {
			isa = PBXFrameworksBuildPhase;
			buildActionMask = 2147483647;
			files = (
				988E2D071F3BE3B700E5D959 /* NotificationCenter.framework in Frameworks */,
			);
			runOnlyForDeploymentPostprocessing = 0;
		};
/* End PBXFrameworksBuildPhase section */

/* Begin PBXGroup section */
		988E2CD71F3BE38600E5D959 = {
			isa = PBXGroup;
			children = (
				988E2CE21F3BE38600E5D959 /* BTCTicker */,
				988E2CF41F3BE38600E5D959 /* BTCTickerTests */,
				988E2D081F3BE3B700E5D959 /* BTCToday */,
				988E2D051F3BE3B700E5D959 /* Frameworks */,
				988E2CE11F3BE38600E5D959 /* Products */,
			);
			sourceTree = "<group>";
		};
		988E2CE11F3BE38600E5D959 /* Products */ = {
			isa = PBXGroup;
			children = (
				988E2CE01F3BE38600E5D959 /* BTCTicker.app */,
				988E2CF11F3BE38600E5D959 /* BTCTickerTests.xctest */,
				988E2D041F3BE3B700E5D959 /* BTCToday.appex */,
			);
			name = Products;
			sourceTree = "<group>";
		};
		988E2CE21F3BE38600E5D959 /* BTCTicker */ = {
			isa = PBXGroup;
			children = (
				988E2CE31F3BE38600E5D959 /* AppDelegate.swift */,
				988E2CE51F3BE38600E5D959 /* ViewController.swift */,
				988E2CE71F3BE38600E5D959 /* Assets.xcassets */,
				988E2CE91F3BE38600E5D959 /* Main.storyboard */,
				988E2CEC1F3BE38600E5D959 /* Info.plist */,
			);
			path = BTCTicker;
			sourceTree = "<group>";
		};
		988E2CF41F3BE38600E5D959 /* BTCTickerTests */ = {
			isa = PBXGroup;
			children = (
				988E2CF51F3BE38600E5D959 /* BTCTickerTests.swift */,
				988E2CF71F3BE38600E5D959 /* Info.plist */,
			);
			path = BTCTickerTests;
			sourceTree = "<group>";
		};
		988E2D051F3BE3B700E5D959 /* Frameworks */ = {
			isa = PBXGroup;
			children = (
				988E2D061F3BE3B700E5D959 /* NotificationCenter.framework */,
			);
			name = Frameworks;
			sourceTree = "<group>";
		};
		988E2D081F3BE3B700E5D959 /* BTCToday */ = {
			isa = PBXGroup;
			children = (
				988E2D0B1F3BE3B700E5D959 /* TodayViewController.swift */,
				988E2D0D1F3BE3B700E5D959 /* ListRowViewController.swift */,
				988E2D0F1F3BE3B700E5D959 /* TodayViewController.xib */,
				988E2D121F3BE3B700E5D959 /* ListRowViewController.xib */,
				988E2D151F3BE3B700E5D959 /* Info.plist */,
				988E2D161F3BE3B700E5D959 /* InfoPlist.strings */,
				988E2D091F3BE3B700E5D959 /* Supporting Files */,
			);
			path = BTCToday;
			sourceTree = "<group>";
		};
		988E2D091F3BE3B700E5D959 /* Supporting Files */ = {
			isa = PBXGroup;
			children = (
				988E2D0A1F3BE3B700E5D959 /* BTCToday.entitlements */,
			);
			name = "Supporting Files";
			sourceTree = "<group>";
		};
/* End PBXGroup section */

/* Begin PBXNativeTarget section */
		988E2CDF1F3BE38600E5D959 /* BTCTicker */ = {
			isa = PBXNativeTarget;
			buildConfigurationList = 988E2CFA1F3BE38600E5D959 /* Build configuration list for PBXNativeTarget "BTCTicker" */;
			buildPhases = (
				988E2CDC1F3BE38600E5D959 /* Sources */,
				988E2CDD1F3BE38600E5D959 /* Frameworks */,
				988E2CDE1F3BE38600E5D959 /* Resources */,
				988E2D1F1F3BE3B700E5D959 /* Embed App Extensions */,
			);
			buildRules = (
			);
			dependencies = (
				988E2D1A1F3BE3B700E5D959 /* PBXTargetDependency */,
			);
			name = BTCTicker;
			productName = BTCTicker;
			productReference = 988E2CE01F3BE38600E5D959 /* BTCTicker.app */;
			productType = "com.apple.product-type.application";
		};
		988E2CF01F3BE38600E5D959 /* BTCTickerTests */ = {
			isa = PBXNativeTarget;
			buildConfigurationList = 988E2CFD1F3BE38600E5D959 /* Build configuration list for PBXNativeTarget "BTCTickerTests" */;
			buildPhases = (
				988E2CED1F3BE38600E5D959 /* Sources */,
				988E2CEE1F3BE38600E5D959 /* Frameworks */,
				988E2CEF1F3BE38600E5D959 /* Resources */,
			);
			buildRules = (
			);
			dependencies = (
				988E2CF31F3BE38600E5D959 /* PBXTargetDependency */,
			);
			name = BTCTickerTests;
			productName = BTCTickerTests;
			productReference = 988E2CF11F3BE38600E5D959 /* BTCTickerTests.xctest */;
			productType = "com.apple.product-type.bundle.unit-test";
		};
		988E2D031F3BE3B700E5D959 /* BTCToday */ = {
			isa = PBXNativeTarget;
			buildConfigurationList = 988E2D1C1F3BE3B700E5D959 /* Build configuration list for PBXNativeTarget "BTCToday" */;
			buildPhases = (
				988E2D001F3BE3B700E5D959 /* Sources */,
				988E2D011F3BE3B700E5D959 /* Frameworks */,
				988E2D021F3BE3B700E5D959 /* Resources */,
			);
			buildRules = (
			);
			dependencies = (
			);
			name = BTCToday;
			productName = BTCToday;
			productReference = 988E2D041F3BE3B700E5D959 /* BTCToday.appex */;
			productType = "com.apple.product-type.app-extension";
		};
/* End PBXNativeTarget section */

/* Begin PBXProject section */
		988E2CD81F3BE38600E5D959 /* Project object */ = {
			isa = PBXProject;
			attributes = {
				LastSwiftUpdateCheck = 0830;
				LastUpgradeCheck = 0830;
				ORGANIZATIONNAME = marcexmachina;
				TargetAttributes = {
					988E2CDF1F3BE38600E5D959 = {
						CreatedOnToolsVersion = 8.3;
						DevelopmentTeam = WEXR3T62Q9;
						ProvisioningStyle = Automatic;
					};
					988E2CF01F3BE38600E5D959 = {
						CreatedOnToolsVersion = 8.3;
						DevelopmentTeam = WEXR3T62Q9;
						ProvisioningStyle = Automatic;
						TestTargetID = 988E2CDF1F3BE38600E5D959;
					};
					988E2D031F3BE3B700E5D959 = {
						CreatedOnToolsVersion = 8.3;
						DevelopmentTeam = WEXR3T62Q9;
						ProvisioningStyle = Automatic;
					};
				};
			};
			buildConfigurationList = 988E2CDB1F3BE38600E5D959 /* Build configuration list for PBXProject "BTCTicker" */;
			compatibilityVersion = "Xcode 3.2";
			developmentRegion = English;
			hasScannedForEncodings = 0;
			knownRegions = (
				en,
				Base,
			);
			mainGroup = 988E2CD71F3BE38600E5D959;
			productRefGroup = 988E2CE11F3BE38600E5D959 /* Products */;
			projectDirPath = "";
			projectRoot = "";
			targets = (
				988E2CDF1F3BE38600E5D959 /* BTCTicker */,
				988E2CF01F3BE38600E5D959 /* BTCTickerTests */,
				988E2D031F3BE3B700E5D959 /* BTCToday */,
			);
		};
/* End PBXProject section */

/* Begin PBXResourcesBuildPhase section */
		988E2CDE1F3BE38600E5D959 /* Resources */ = {
			isa = PBXResourcesBuildPhase;
			buildActionMask = 2147483647;
			files = (
				988E2CE81F3BE38600E5D959 /* Assets.xcassets in Resources */,
				988E2CEB1F3BE38600E5D959 /* Main.storyboard in Resources */,
			);
			runOnlyForDeploymentPostprocessing = 0;
		};
		988E2CEF1F3BE38600E5D959 /* Resources */ = {
			isa = PBXResourcesBuildPhase;
			buildActionMask = 2147483647;
			files = (
			);
			runOnlyForDeploymentPostprocessing = 0;
		};
		988E2D021F3BE3B700E5D959 /* Resources */ = {
			isa = PBXResourcesBuildPhase;
			buildActionMask = 2147483647;
			files = (
				988E2D111F3BE3B700E5D959 /* TodayViewController.xib in Resources */,
				988E2D181F3BE3B700E5D959 /* InfoPlist.strings in Resources */,
				988E2D141F3BE3B700E5D959 /* ListRowViewController.xib in Resources */,
			);
			runOnlyForDeploymentPostprocessing = 0;
		};
/* End PBXResourcesBuildPhase section */

/* Begin PBXSourcesBuildPhase section */
		988E2CDC1F3BE38600E5D959 /* Sources */ = {
			isa = PBXSourcesBuildPhase;
			buildActionMask = 2147483647;
			files = (
				988E2CE61F3BE38600E5D959 /* ViewController.swift in Sources */,
				988E2CE41F3BE38600E5D959 /* AppDelegate.swift in Sources */,
			);
			runOnlyForDeploymentPostprocessing = 0;
		};
		988E2CED1F3BE38600E5D959 /* Sources */ = {
			isa = PBXSourcesBuildPhase;
			buildActionMask = 2147483647;
			files = (
				988E2CF61F3BE38600E5D959 /* BTCTickerTests.swift in Sources */,
			);
			runOnlyForDeploymentPostprocessing = 0;
		};
		988E2D001F3BE3B700E5D959 /* Sources */ = {
			isa = PBXSourcesBuildPhase;
			buildActionMask = 2147483647;
			files = (
				988E2D0C1F3BE3B700E5D959 /* TodayViewController.swift in Sources */,
				988E2D0E1F3BE3B700E5D959 /* ListRowViewController.swift in Sources */,
			);
			runOnlyForDeploymentPostprocessing = 0;
		};
/* End PBXSourcesBuildPhase section */

/* Begin PBXTargetDependency section */
		988E2CF31F3BE38600E5D959 /* PBXTargetDependency */ = {
			isa = PBXTargetDependency;
			target = 988E2CDF1F3BE38600E5D959 /* BTCTicker */;
			targetProxy = 988E2CF21F3BE38600E5D959 /* PBXContainerItemProxy */;
		};
		988E2D1A1F3BE3B700E5D959 /* PBXTargetDependency */ = {
			isa = PBXTargetDependency;
			target = 988E2D031F3BE3B700E5D959 /* BTCToday */;
			targetProxy = 988E2D191F3BE3B700E5D959 /* PBXContainerItemProxy */;
		};
/* End PBXTargetDependency section */

/* Begin PBXVariantGroup section */
		988E2CE91F3BE38600E5D959 /* Main.storyboard */ = {
			isa = PBXVariantGroup;
			children = (
				988E2CEA1F3BE38600E5D959 /* Base */,
			);
			name = Main.storyboard;
			sourceTree = "<group>";
		};
		988E2D0F1F3BE3B700E5D959 /* TodayViewController.xib */ = {
			isa = PBXVariantGroup;
			children = (
				988E2D101F3BE3B700E5D959 /* Base */,
			);
			name = TodayViewController.xib;
			sourceTree = "<group>";
		};
		988E2D121F3BE3B700E5D959 /* ListRowViewController.xib */ = {
			isa = PBXVariantGroup;
			children = (
				988E2D131F3BE3B700E5D959 /* Base */,
			);
			name = ListRowViewController.xib;
			sourceTree = "<group>";
		};
		988E2D161F3BE3B700E5D959 /* InfoPlist.strings */ = {
			isa = PBXVariantGroup;
			children = (
				988E2D171F3BE3B700E5D959 /* en */,
			);
			name = InfoPlist.strings;
			sourceTree = "<group>";
		};
/* End PBXVariantGroup section */

/* Begin XCBuildConfiguration section */
		988E2CF81F3BE38600E5D959 /* Debug */ = {
			isa = XCBuildConfiguration;
			buildSettings = {
				ALWAYS_SEARCH_USER_PATHS = NO;
				CLANG_ANALYZER_NONNULL = YES;
				CLANG_ANALYZER_NUMBER_OBJECT_CONVERSION = YES_AGGRESSIVE;
				CLANG_CXX_LANGUAGE_STANDARD = "gnu++0x";
				CLANG_CXX_LIBRARY = "libc++";
				CLANG_ENABLE_MODULES = YES;
				CLANG_ENABLE_OBJC_ARC = YES;
				CLANG_WARN_BOOL_CONVERSION = YES;
				CLANG_WARN_CONSTANT_CONVERSION = YES;
				CLANG_WARN_DIRECT_OBJC_ISA_USAGE = YES_ERROR;
				CLANG_WARN_DOCUMENTATION_COMMENTS = YES;
				CLANG_WARN_EMPTY_BODY = YES;
				CLANG_WARN_ENUM_CONVERSION = YES;
				CLANG_WARN_INFINITE_RECURSION = YES;
				CLANG_WARN_INT_CONVERSION = YES;
				CLANG_WARN_OBJC_ROOT_CLASS = YES_ERROR;
				CLANG_WARN_SUSPICIOUS_MOVE = YES;
				CLANG_WARN_UNREACHABLE_CODE = YES;
				CLANG_WARN__DUPLICATE_METHOD_MATCH = YES;
				CODE_SIGN_IDENTITY = "-";
				COPY_PHASE_STRIP = NO;
				DEBUG_INFORMATION_FORMAT = dwarf;
				ENABLE_STRICT_OBJC_MSGSEND = YES;
				ENABLE_TESTABILITY = YES;
				GCC_C_LANGUAGE_STANDARD = gnu99;
				GCC_DYNAMIC_NO_PIC = NO;
				GCC_NO_COMMON_BLOCKS = YES;
				GCC_OPTIMIZATION_LEVEL = 0;
				GCC_PREPROCESSOR_DEFINITIONS = (
					"DEBUG=1",
					"$(inherited)",
				);
				GCC_WARN_64_TO_32_BIT_CONVERSION = YES;
				GCC_WARN_ABOUT_RETURN_TYPE = YES_ERROR;
				GCC_WARN_UNDECLARED_SELECTOR = YES;
				GCC_WARN_UNINITIALIZED_AUTOS = YES_AGGRESSIVE;
				GCC_WARN_UNUSED_FUNCTION = YES;
				GCC_WARN_UNUSED_VARIABLE = YES;
				MACOSX_DEPLOYMENT_TARGET = 10.12;
				MTL_ENABLE_DEBUG_INFO = YES;
				ONLY_ACTIVE_ARCH = YES;
				SDKROOT = macosx;
				SWIFT_ACTIVE_COMPILATION_CONDITIONS = DEBUG;
				SWIFT_OPTIMIZATION_LEVEL = "-Onone";
			};
			name = Debug;
		};
		988E2CF91F3BE38600E5D959 /* Release */ = {
			isa = XCBuildConfiguration;
			buildSettings = {
				ALWAYS_SEARCH_USER_PATHS = NO;
				CLANG_ANALYZER_NONNULL = YES;
				CLANG_ANALYZER_NUMBER_OBJECT_CONVERSION = YES_AGGRESSIVE;
				CLANG_CXX_LANGUAGE_STANDARD = "gnu++0x";
				CLANG_CXX_LIBRARY = "libc++";
				CLANG_ENABLE_MODULES = YES;
				CLANG_ENABLE_OBJC_ARC = YES;
				CLANG_WARN_BOOL_CONVERSION = YES;
				CLANG_WARN_CONSTANT_CONVERSION = YES;
				CLANG_WARN_DIRECT_OBJC_ISA_USAGE = YES_ERROR;
				CLANG_WARN_DOCUMENTATION_COMMENTS = YES;
				CLANG_WARN_EMPTY_BODY = YES;
				CLANG_WARN_ENUM_CONVERSION = YES;
				CLANG_WARN_INFINITE_RECURSION = YES;
				CLANG_WARN_INT_CONVERSION = YES;
				CLANG_WARN_OBJC_ROOT_CLASS = YES_ERROR;
				CLANG_WARN_SUSPICIOUS_MOVE = YES;
				CLANG_WARN_UNREACHABLE_CODE = YES;
				CLANG_WARN__DUPLICATE_METHOD_MATCH = YES;
				CODE_SIGN_IDENTITY = "-";
				COPY_PHASE_STRIP = NO;
				DEBUG_INFORMATION_FORMAT = "dwarf-with-dsym";
				ENABLE_NS_ASSERTIONS = NO;
				ENABLE_STRICT_OBJC_MSGSEND = YES;
				GCC_C_LANGUAGE_STANDARD = gnu99;
				GCC_NO_COMMON_BLOCKS = YES;
				GCC_WARN_64_TO_32_BIT_CONVERSION = YES;
				GCC_WARN_ABOUT_RETURN_TYPE = YES_ERROR;
				GCC_WARN_UNDECLARED_SELECTOR = YES;
				GCC_WARN_UNINITIALIZED_AUTOS = YES_AGGRESSIVE;
				GCC_WARN_UNUSED_FUNCTION = YES;
				GCC_WARN_UNUSED_VARIABLE = YES;
				MACOSX_DEPLOYMENT_TARGET = 10.12;
				MTL_ENABLE_DEBUG_INFO = NO;
				SDKROOT = macosx;
				SWIFT_OPTIMIZATION_LEVEL = "-Owholemodule";
			};
			name = Release;
		};
		988E2CFB1F3BE38600E5D959 /* Debug */ = {
			isa = XCBuildConfiguration;
			buildSettings = {
				ALWAYS_EMBED_SWIFT_STANDARD_LIBRARIES = YES;
				ASSETCATALOG_COMPILER_APPICON_NAME = AppIcon;
				COMBINE_HIDPI_IMAGES = YES;
				DEVELOPMENT_TEAM = WEXR3T62Q9;
				INFOPLIST_FILE = BTCTicker/Info.plist;
				LD_RUNPATH_SEARCH_PATHS = "$(inherited) @executable_path/../Frameworks";
				PRODUCT_BUNDLE_IDENTIFIER = com.marcexmachina.BTCTicker;
				PRODUCT_NAME = "$(TARGET_NAME)";
				SWIFT_VERSION = 3.0;
			};
			name = Debug;
		};
		988E2CFC1F3BE38600E5D959 /* Release */ = {
			isa = XCBuildConfiguration;
			buildSettings = {
				ALWAYS_EMBED_SWIFT_STANDARD_LIBRARIES = YES;
				ASSETCATALOG_COMPILER_APPICON_NAME = AppIcon;
				COMBINE_HIDPI_IMAGES = YES;
				DEVELOPMENT_TEAM = WEXR3T62Q9;
				INFOPLIST_FILE = BTCTicker/Info.plist;
				LD_RUNPATH_SEARCH_PATHS = "$(inherited) @executable_path/../Frameworks";
				PRODUCT_BUNDLE_IDENTIFIER = com.marcexmachina.BTCTicker;
				PRODUCT_NAME = "$(TARGET_NAME)";
				SWIFT_VERSION = 3.0;
			};
			name = Release;
		};
		988E2CFE1F3BE38600E5D959 /* Debug */ = {
			isa = XCBuildConfiguration;
			buildSettings = {
				ALWAYS_EMBED_SWIFT_STANDARD_LIBRARIES = YES;
				BUNDLE_LOADER = "$(TEST_HOST)";
				COMBINE_HIDPI_IMAGES = YES;
				DEVELOPMENT_TEAM = WEXR3T62Q9;
				INFOPLIST_FILE = BTCTickerTests/Info.plist;
				LD_RUNPATH_SEARCH_PATHS = "$(inherited) @executable_path/../Frameworks @loader_path/../Frameworks";
				PRODUCT_BUNDLE_IDENTIFIER = com.marcexmachina.BTCTickerTests;
				PRODUCT_NAME = "$(TARGET_NAME)";
				SWIFT_VERSION = 3.0;
				TEST_HOST = "$(BUILT_PRODUCTS_DIR)/BTCTicker.app/Contents/MacOS/BTCTicker";
			};
			name = Debug;
		};
		988E2CFF1F3BE38600E5D959 /* Release */ = {
			isa = XCBuildConfiguration;
			buildSettings = {
				ALWAYS_EMBED_SWIFT_STANDARD_LIBRARIES = YES;
				BUNDLE_LOADER = "$(TEST_HOST)";
				COMBINE_HIDPI_IMAGES = YES;
				DEVELOPMENT_TEAM = WEXR3T62Q9;
				INFOPLIST_FILE = BTCTickerTests/Info.plist;
				LD_RUNPATH_SEARCH_PATHS = "$(inherited) @executable_path/../Frameworks @loader_path/../Frameworks";
				PRODUCT_BUNDLE_IDENTIFIER = com.marcexmachina.BTCTickerTests;
				PRODUCT_NAME = "$(TARGET_NAME)";
				SWIFT_VERSION = 3.0;
				TEST_HOST = "$(BUILT_PRODUCTS_DIR)/BTCTicker.app/Contents/MacOS/BTCTicker";
			};
			name = Release;
		};
		988E2D1D1F3BE3B700E5D959 /* Debug */ = {
			isa = XCBuildConfiguration;
			buildSettings = {
				CODE_SIGN_ENTITLEMENTS = BTCToday/BTCToday.entitlements;
				COMBINE_HIDPI_IMAGES = YES;
				DEVELOPMENT_TEAM = WEXR3T62Q9;
				INFOPLIST_FILE = BTCToday/Info.plist;
				LD_RUNPATH_SEARCH_PATHS = "$(inherited) @executable_path/../Frameworks @executable_path/../../../../Frameworks";
				PRODUCT_BUNDLE_IDENTIFIER = com.marcexmachina.BTCTicker.BTCToday;
				PRODUCT_NAME = "$(TARGET_NAME)";
				SKIP_INSTALL = YES;
				SWIFT_VERSION = 3.0;
			};
			name = Debug;
		};
		988E2D1E1F3BE3B700E5D959 /* Release */ = {
			isa = XCBuildConfiguration;
			buildSettings = {
				CODE_SIGN_ENTITLEMENTS = BTCToday/BTCToday.entitlements;
				COMBINE_HIDPI_IMAGES = YES;
				DEVELOPMENT_TEAM = WEXR3T62Q9;
				INFOPLIST_FILE = BTCToday/Info.plist;
				LD_RUNPATH_SEARCH_PATHS = "$(inherited) @executable_path/../Frameworks @executable_path/../../../../Frameworks";
				PRODUCT_BUNDLE_IDENTIFIER = com.marcexmachina.BTCTicker.BTCToday;
				PRODUCT_NAME = "$(TARGET_NAME)";
				SKIP_INSTALL = YES;
				SWIFT_VERSION = 3.0;
			};
			name = Release;
		};
/* End XCBuildConfiguration section */

/* Begin XCConfigurationList section */
		988E2CDB1F3BE38600E5D959 /* Build configuration list for PBXProject "BTCTicker" */ = {
			isa = XCConfigurationList;
			buildConfigurations = (
				988E2CF81F3BE38600E5D959 /* Debug */,
				988E2CF91F3BE38600E5D959 /* Release */,
			);
			defaultConfigurationIsVisible = 0;
			defaultConfigurationName = Release;
		};
		988E2CFA1F3BE38600E5D959 /* Build configuration list for PBXNativeTarget "BTCTicker" */ = {
			isa = XCConfigurationList;
			buildConfigurations = (
				988E2CFB1F3BE38600E5D959 /* Debug */,
				988E2CFC1F3BE38600E5D959 /* Release */,
			);
			defaultConfigurationIsVisible = 0;
		};
		988E2CFD1F3BE38600E5D959 /* Build configuration list for PBXNativeTarget "BTCTickerTests" */ = {
			isa = XCConfigurationList;
			buildConfigurations = (
				988E2CFE1F3BE38600E5D959 /* Debug */,
				988E2CFF1F3BE38600E5D959 /* Release */,
			);
			defaultConfigurationIsVisible = 0;
		};
		988E2D1C1F3BE3B700E5D959 /* Build configuration list for PBXNativeTarget "BTCToday" */ = {
			isa = XCConfigurationList;
			buildConfigurations = (
				988E2D1D1F3BE3B700E5D959 /* Debug */,
				988E2D1E1F3BE3B700E5D959 /* Release */,
			);
			defaultConfigurationIsVisible = 0;
		};
/* End XCConfigurationList section */
	};
	rootObject = 988E2CD81F3BE38600E5D959 /* Project object */;
}
